
Microsoft Visual Studio Solution File, Format Version 12.00
# Visual Studio Version 17
VisualStudioVersion = 17.9.34701.34
MinimumVisualStudioVersion = 10.0.40219.1
Project("{FAE04EC0-301F-11D3-BF4B-00C04F79EFBC}") = "Dofus_HDV", "Dofus_HDV\Dofus_HDV.csproj", "{D59148CA-8EDA-408D-A7D5-B6788B0DB562}"
EndProject
Global
	GlobalSection(SolutionConfigurationPlatforms) = preSolution
		Debug|Any CPU = Debug|Any CPU
		Release|Any CPU = Release|Any CPU
	EndGlobalSection
	GlobalSection(ProjectConfigurationPlatforms) = postSolution
		{D59148CA-8EDA-408D-A7D5-B6788B0DB562}.Debug|Any CPU.ActiveCfg = Debug|Any CPU
		{D59148CA-8EDA-408D-A7D5-B6788B0DB562}.Debug|Any CPU.Build.0 = Debug|Any CPU
		{D59148CA-8EDA-408D-A7D5-B6788B0DB562}.Release|Any CPU.ActiveCfg = Release|Any CPU
		{D59148CA-8EDA-408D-A7D5-B6788B0DB562}.Release|Any CPU.Build.0 = Release|Any CPU
	EndGlobalSection
	GlobalSection(SolutionProperties) = preSolution
		HideSolutionNode = FALSE
	EndGlobalSection
	GlobalSection(ExtensibilityGlobals) = postSolution
		SolutionGuid = {724B52AC-3802-4A3F-A8B9-AE78AD30B2E3}
	EndGlobalSection
EndGlobal
